// !$*UTF8*$!
{
	archiveVersion = 1;
	classes = {
	};
	objectVersion = 56;
	objects = {

/* Begin PBXBuildFile section */
		0B45FD152A22E0B30095FC69 /* AppDelegate.swift in Sources */ = {isa = PBXBuildFile; fileRef = 0B45FD142A22E0B30095FC69 /* AppDelegate.swift */; };
		0B45FD172A22E0B30095FC69 /* SceneDelegate.swift in Sources */ = {isa = PBXBuildFile; fileRef = 0B45FD162A22E0B30095FC69 /* SceneDelegate.swift */; };
		0B45FD192A22E0B30095FC69 /* CardListViewController.swift in Sources */ = {isa = PBXBuildFile; fileRef = 0B45FD182A22E0B30095FC69 /* CardListViewController.swift */; };
		0B45FD1E2A22E0B40095FC69 /* Assets.xcassets in Resources */ = {isa = PBXBuildFile; fileRef = 0B45FD1D2A22E0B40095FC69 /* Assets.xcassets */; };
		0B45FD212A22E0B40095FC69 /* LaunchScreen.storyboard in Resources */ = {isa = PBXBuildFile; fileRef = 0B45FD1F2A22E0B40095FC69 /* LaunchScreen.storyboard */; };
		0B45FD2C2A22E0B40095FC69 /* HearthstoneAPIConsumerTests.swift in Sources */ = {isa = PBXBuildFile; fileRef = 0B45FD2B2A22E0B40095FC69 /* HearthstoneAPIConsumerTests.swift */; };
		0B45FD362A22E0B40095FC69 /* HearthstoneAPIConsumerUITests.swift in Sources */ = {isa = PBXBuildFile; fileRef = 0B45FD352A22E0B40095FC69 /* HearthstoneAPIConsumerUITests.swift */; };
		0B45FD382A22E0B40095FC69 /* HearthstoneAPIConsumerUITestsLaunchTests.swift in Sources */ = {isa = PBXBuildFile; fileRef = 0B45FD372A22E0B40095FC69 /* HearthstoneAPIConsumerUITestsLaunchTests.swift */; };
		0B45FD462A22E4490095FC69 /* CardListViewModel.swift in Sources */ = {isa = PBXBuildFile; fileRef = 0B45FD452A22E4490095FC69 /* CardListViewModel.swift */; };
		0B45FD492A22E4CC0095FC69 /* HearthstoneAPIService.swift in Sources */ = {isa = PBXBuildFile; fileRef = 0B45FD482A22E4CC0095FC69 /* HearthstoneAPIService.swift */; };
		0B45FD4C2A22E5140095FC69 /* Card.swift in Sources */ = {isa = PBXBuildFile; fileRef = 0B45FD4B2A22E5140095FC69 /* Card.swift */; };
		0B45FD4F2A22E5690095FC69 /* CardListTableViewCell.swift in Sources */ = {isa = PBXBuildFile; fileRef = 0B45FD4E2A22E5690095FC69 /* CardListTableViewCell.swift */; };
		0B45FD532A22F06A0095FC69 /* cards_mock.json in Resources */ = {isa = PBXBuildFile; fileRef = 0B45FD522A22F06A0095FC69 /* cards_mock.json */; };
		0B45FD552A22F4280095FC69 /* CardResponse.swift in Sources */ = {isa = PBXBuildFile; fileRef = 0B45FD542A22F4280095FC69 /* CardResponse.swift */; };
/* End PBXBuildFile section */

/* Begin PBXContainerItemProxy section */
		0B45FD282A22E0B40095FC69 /* PBXContainerItemProxy */ = {
			isa = PBXContainerItemProxy;
			containerPortal = 0B45FD092A22E0B30095FC69 /* Project object */;
			proxyType = 1;
			remoteGlobalIDString = 0B45FD102A22E0B30095FC69;
			remoteInfo = HearthstoneAPIConsumer;
		};
		0B45FD322A22E0B40095FC69 /* PBXContainerItemProxy */ = {
			isa = PBXContainerItemProxy;
			containerPortal = 0B45FD092A22E0B30095FC69 /* Project object */;
			proxyType = 1;
			remoteGlobalIDString = 0B45FD102A22E0B30095FC69;
			remoteInfo = HearthstoneAPIConsumer;
		};
/* End PBXContainerItemProxy section */

/* Begin PBXFileReference section */
		0B45FD112A22E0B30095FC69 /* HearthstoneAPIConsumer.app */ = {isa = PBXFileReference; explicitFileType = wrapper.application; includeInIndex = 0; path = HearthstoneAPIConsumer.app; sourceTree = BUILT_PRODUCTS_DIR; };
		0B45FD142A22E0B30095FC69 /* AppDelegate.swift */ = {isa = PBXFileReference; lastKnownFileType = sourcecode.swift; path = AppDelegate.swift; sourceTree = "<group>"; };
		0B45FD162A22E0B30095FC69 /* SceneDelegate.swift */ = {isa = PBXFileReference; lastKnownFileType = sourcecode.swift; path = SceneDelegate.swift; sourceTree = "<group>"; };
		0B45FD182A22E0B30095FC69 /* CardListViewController.swift */ = {isa = PBXFileReference; lastKnownFileType = sourcecode.swift; path = CardListViewController.swift; sourceTree = "<group>"; };
		0B45FD1D2A22E0B40095FC69 /* Assets.xcassets */ = {isa = PBXFileReference; lastKnownFileType = folder.assetcatalog; path = Assets.xcassets; sourceTree = "<group>"; };
		0B45FD202A22E0B40095FC69 /* Base */ = {isa = PBXFileReference; lastKnownFileType = file.storyboard; name = Base; path = Base.lproj/LaunchScreen.storyboard; sourceTree = "<group>"; };
		0B45FD222A22E0B40095FC69 /* Info.plist */ = {isa = PBXFileReference; lastKnownFileType = text.plist.xml; path = Info.plist; sourceTree = "<group>"; };
		0B45FD272A22E0B40095FC69 /* HearthstoneAPIConsumerTests.xctest */ = {isa = PBXFileReference; explicitFileType = wrapper.cfbundle; includeInIndex = 0; path = HearthstoneAPIConsumerTests.xctest; sourceTree = BUILT_PRODUCTS_DIR; };
		0B45FD2B2A22E0B40095FC69 /* HearthstoneAPIConsumerTests.swift */ = {isa = PBXFileReference; lastKnownFileType = sourcecode.swift; path = HearthstoneAPIConsumerTests.swift; sourceTree = "<group>"; };
		0B45FD312A22E0B40095FC69 /* HearthstoneAPIConsumerUITests.xctest */ = {isa = PBXFileReference; explicitFileType = wrapper.cfbundle; includeInIndex = 0; path = HearthstoneAPIConsumerUITests.xctest; sourceTree = BUILT_PRODUCTS_DIR; };
		0B45FD352A22E0B40095FC69 /* HearthstoneAPIConsumerUITests.swift */ = {isa = PBXFileReference; lastKnownFileType = sourcecode.swift; path = HearthstoneAPIConsumerUITests.swift; sourceTree = "<group>"; };
		0B45FD372A22E0B40095FC69 /* HearthstoneAPIConsumerUITestsLaunchTests.swift */ = {isa = PBXFileReference; lastKnownFileType = sourcecode.swift; path = HearthstoneAPIConsumerUITestsLaunchTests.swift; sourceTree = "<group>"; };
		0B45FD452A22E4490095FC69 /* CardListViewModel.swift */ = {isa = PBXFileReference; lastKnownFileType = sourcecode.swift; path = CardListViewModel.swift; sourceTree = "<group>"; };
		0B45FD482A22E4CC0095FC69 /* HearthstoneAPIService.swift */ = {isa = PBXFileReference; lastKnownFileType = sourcecode.swift; path = HearthstoneAPIService.swift; sourceTree = "<group>"; };
		0B45FD4B2A22E5140095FC69 /* Card.swift */ = {isa = PBXFileReference; lastKnownFileType = sourcecode.swift; path = Card.swift; sourceTree = "<group>"; };
		0B45FD4E2A22E5690095FC69 /* CardListTableViewCell.swift */ = {isa = PBXFileReference; lastKnownFileType = sourcecode.swift; path = CardListTableViewCell.swift; sourceTree = "<group>"; };
		0B45FD522A22F06A0095FC69 /* cards_mock.json */ = {isa = PBXFileReference; lastKnownFileType = text.json; path = cards_mock.json; sourceTree = "<group>"; };
		0B45FD542A22F4280095FC69 /* CardResponse.swift */ = {isa = PBXFileReference; lastKnownFileType = sourcecode.swift; path = CardResponse.swift; sourceTree = "<group>"; };
/* End PBXFileReference section */

/* Begin PBXFrameworksBuildPhase section */
		0B45FD0E2A22E0B30095FC69 /* Frameworks */ = {
			isa = PBXFrameworksBuildPhase;
			buildActionMask = 2147483647;
			files = (
			);
			runOnlyForDeploymentPostprocessing = 0;
		};
		0B45FD242A22E0B40095FC69 /* Frameworks */ = {
			isa = PBXFrameworksBuildPhase;
			buildActionMask = 2147483647;
			files = (
			);
			runOnlyForDeploymentPostprocessing = 0;
		};
		0B45FD2E2A22E0B40095FC69 /* Frameworks */ = {
			isa = PBXFrameworksBuildPhase;
			buildActionMask = 2147483647;
			files = (
			);
			runOnlyForDeploymentPostprocessing = 0;
		};
/* End PBXFrameworksBuildPhase section */

/* Begin PBXGroup section */
		0B45FD082A22E0B30095FC69 = {
			isa = PBXGroup;
			children = (
				0B45FD132A22E0B30095FC69 /* HearthstoneAPIConsumer */,
				0B45FD2A2A22E0B40095FC69 /* HearthstoneAPIConsumerTests */,
				0B45FD342A22E0B40095FC69 /* HearthstoneAPIConsumerUITests */,
				0B45FD122A22E0B30095FC69 /* Products */,
			);
			sourceTree = "<group>";
		};
		0B45FD122A22E0B30095FC69 /* Products */ = {
			isa = PBXGroup;
			children = (
				0B45FD112A22E0B30095FC69 /* HearthstoneAPIConsumer.app */,
				0B45FD272A22E0B40095FC69 /* HearthstoneAPIConsumerTests.xctest */,
				0B45FD312A22E0B40095FC69 /* HearthstoneAPIConsumerUITests.xctest */,
			);
			name = Products;
			sourceTree = "<group>";
		};
		0B45FD132A22E0B30095FC69 /* HearthstoneAPIConsumer */ = {
			isa = PBXGroup;
			children = (
				0B45FD4A2A22E50A0095FC69 /* Model */,
				0B45FD472A22E49E0095FC69 /* Network */,
				0B45FD442A22E3CC0095FC69 /* CardList */,
				0B45FD142A22E0B30095FC69 /* AppDelegate.swift */,
				0B45FD162A22E0B30095FC69 /* SceneDelegate.swift */,
				0B45FD1D2A22E0B40095FC69 /* Assets.xcassets */,
				0B45FD1F2A22E0B40095FC69 /* LaunchScreen.storyboard */,
				0B45FD222A22E0B40095FC69 /* Info.plist */,
			);
			path = HearthstoneAPIConsumer;
			sourceTree = "<group>";
		};
		0B45FD2A2A22E0B40095FC69 /* HearthstoneAPIConsumerTests */ = {
			isa = PBXGroup;
			children = (
				0B45FD2B2A22E0B40095FC69 /* HearthstoneAPIConsumerTests.swift */,
			);
			path = HearthstoneAPIConsumerTests;
			sourceTree = "<group>";
		};
		0B45FD342A22E0B40095FC69 /* HearthstoneAPIConsumerUITests */ = {
			isa = PBXGroup;
			children = (
				0B45FD352A22E0B40095FC69 /* HearthstoneAPIConsumerUITests.swift */,
				0B45FD372A22E0B40095FC69 /* HearthstoneAPIConsumerUITestsLaunchTests.swift */,
			);
			path = HearthstoneAPIConsumerUITests;
			sourceTree = "<group>";
		};
		0B45FD442A22E3CC0095FC69 /* CardList */ = {
			isa = PBXGroup;
			children = (
				0B45FD4D2A22E55A0095FC69 /* Cell */,
				0B45FD182A22E0B30095FC69 /* CardListViewController.swift */,
				0B45FD452A22E4490095FC69 /* CardListViewModel.swift */,
				0B45FD522A22F06A0095FC69 /* cards_mock.json */,
			);
			path = CardList;
			sourceTree = "<group>";
		};
		0B45FD472A22E49E0095FC69 /* Network */ = {
			isa = PBXGroup;
			children = (
				0B45FD482A22E4CC0095FC69 /* HearthstoneAPIService.swift */,
			);
			path = Network;
			sourceTree = "<group>";
		};
		0B45FD4A2A22E50A0095FC69 /* Model */ = {
			isa = PBXGroup;
			children = (
				0B45FD4B2A22E5140095FC69 /* Card.swift */,
				0B45FD542A22F4280095FC69 /* CardResponse.swift */,
			);
			path = Model;
			sourceTree = "<group>";
		};
		0B45FD4D2A22E55A0095FC69 /* Cell */ = {
			isa = PBXGroup;
			children = (
				0B45FD4E2A22E5690095FC69 /* CardListTableViewCell.swift */,
			);
			path = Cell;
			sourceTree = "<group>";
		};
/* End PBXGroup section */

/* Begin PBXNativeTarget section */
		0B45FD102A22E0B30095FC69 /* HearthstoneAPIConsumer */ = {
			isa = PBXNativeTarget;
			buildConfigurationList = 0B45FD3B2A22E0B40095FC69 /* Build configuration list for PBXNativeTarget "HearthstoneAPIConsumer" */;
			buildPhases = (
				0B45FD0D2A22E0B30095FC69 /* Sources */,
				0B45FD0E2A22E0B30095FC69 /* Frameworks */,
				0B45FD0F2A22E0B30095FC69 /* Resources */,
			);
			buildRules = (
			);
			dependencies = (
			);
			name = HearthstoneAPIConsumer;
			productName = HearthstoneAPIConsumer;
			productReference = 0B45FD112A22E0B30095FC69 /* HearthstoneAPIConsumer.app */;
			productType = "com.apple.product-type.application";
		};
		0B45FD262A22E0B40095FC69 /* HearthstoneAPIConsumerTests */ = {
			isa = PBXNativeTarget;
			buildConfigurationList = 0B45FD3E2A22E0B40095FC69 /* Build configuration list for PBXNativeTarget "HearthstoneAPIConsumerTests" */;
			buildPhases = (
				0B45FD232A22E0B40095FC69 /* Sources */,
				0B45FD242A22E0B40095FC69 /* Frameworks */,
				0B45FD252A22E0B40095FC69 /* Resources */,
			);
			buildRules = (
			);
			dependencies = (
				0B45FD292A22E0B40095FC69 /* PBXTargetDependency */,
			);
			name = HearthstoneAPIConsumerTests;
			productName = HearthstoneAPIConsumerTests;
			productReference = 0B45FD272A22E0B40095FC69 /* HearthstoneAPIConsumerTests.xctest */;
			productType = "com.apple.product-type.bundle.unit-test";
		};
		0B45FD302A22E0B40095FC69 /* HearthstoneAPIConsumerUITests */ = {
			isa = PBXNativeTarget;
			buildConfigurationList = 0B45FD412A22E0B40095FC69 /* Build configuration list for PBXNativeTarget "HearthstoneAPIConsumerUITests" */;
			buildPhases = (
				0B45FD2D2A22E0B40095FC69 /* Sources */,
				0B45FD2E2A22E0B40095FC69 /* Frameworks */,
				0B45FD2F2A22E0B40095FC69 /* Resources */,
			);
			buildRules = (
			);
			dependencies = (
				0B45FD332A22E0B40095FC69 /* PBXTargetDependency */,
			);
			name = HearthstoneAPIConsumerUITests;
			productName = HearthstoneAPIConsumerUITests;
			productReference = 0B45FD312A22E0B40095FC69 /* HearthstoneAPIConsumerUITests.xctest */;
			productType = "com.apple.product-type.bundle.ui-testing";
		};
/* End PBXNativeTarget section */

/* Begin PBXProject section */
		0B45FD092A22E0B30095FC69 /* Project object */ = {
			isa = PBXProject;
			attributes = {
				BuildIndependentTargetsInParallel = 1;
				LastSwiftUpdateCheck = 1430;
				LastUpgradeCheck = 1430;
				TargetAttributes = {
					0B45FD102A22E0B30095FC69 = {
						CreatedOnToolsVersion = 14.3;
					};
					0B45FD262A22E0B40095FC69 = {
						CreatedOnToolsVersion = 14.3;
						TestTargetID = 0B45FD102A22E0B30095FC69;
					};
					0B45FD302A22E0B40095FC69 = {
						CreatedOnToolsVersion = 14.3;
						TestTargetID = 0B45FD102A22E0B30095FC69;
					};
				};
			};
			buildConfigurationList = 0B45FD0C2A22E0B30095FC69 /* Build configuration list for PBXProject "HearthstoneAPIConsumer" */;
			compatibilityVersion = "Xcode 14.0";
			developmentRegion = en;
			hasScannedForEncodings = 0;
			knownRegions = (
				en,
				Base,
			);
			mainGroup = 0B45FD082A22E0B30095FC69;
			productRefGroup = 0B45FD122A22E0B30095FC69 /* Products */;
			projectDirPath = "";
			projectRoot = "";
			targets = (
				0B45FD102A22E0B30095FC69 /* HearthstoneAPIConsumer */,
				0B45FD262A22E0B40095FC69 /* HearthstoneAPIConsumerTests */,
				0B45FD302A22E0B40095FC69 /* HearthstoneAPIConsumerUITests */,
			);
		};
/* End PBXProject section */

/* Begin PBXResourcesBuildPhase section */
		0B45FD0F2A22E0B30095FC69 /* Resources */ = {
			isa = PBXResourcesBuildPhase;
			buildActionMask = 2147483647;
			files = (
				0B45FD212A22E0B40095FC69 /* LaunchScreen.storyboard in Resources */,
				0B45FD1E2A22E0B40095FC69 /* Assets.xcassets in Resources */,
				0B45FD532A22F06A0095FC69 /* cards_mock.json in Resources */,
			);
			runOnlyForDeploymentPostprocessing = 0;
		};
		0B45FD252A22E0B40095FC69 /* Resources */ = {
			isa = PBXResourcesBuildPhase;
			buildActionMask = 2147483647;
			files = (
			);
			runOnlyForDeploymentPostprocessing = 0;
		};
		0B45FD2F2A22E0B40095FC69 /* Resources */ = {
			isa = PBXResourcesBuildPhase;
			buildActionMask = 2147483647;
			files = (
			);
			runOnlyForDeploymentPostprocessing = 0;
		};
/* End PBXResourcesBuildPhase section */

/* Begin PBXSourcesBuildPhase section */
		0B45FD0D2A22E0B30095FC69 /* Sources */ = {
			isa = PBXSourcesBuildPhase;
			buildActionMask = 2147483647;
			files = (
				0B45FD462A22E4490095FC69 /* CardListViewModel.swift in Sources */,
				0B45FD4C2A22E5140095FC69 /* Card.swift in Sources */,
				0B45FD4F2A22E5690095FC69 /* CardListTableViewCell.swift in Sources */,
				0B45FD192A22E0B30095FC69 /* CardListViewController.swift in Sources */,
				0B45FD152A22E0B30095FC69 /* AppDelegate.swift in Sources */,
				0B45FD492A22E4CC0095FC69 /* HearthstoneAPIService.swift in Sources */,
				0B45FD552A22F4280095FC69 /* CardResponse.swift in Sources */,
				0B45FD172A22E0B30095FC69 /* SceneDelegate.swift in Sources */,
			);
			runOnlyForDeploymentPostprocessing = 0;
		};
		0B45FD232A22E0B40095FC69 /* Sources */ = {
			isa = PBXSourcesBuildPhase;
			buildActionMask = 2147483647;
			files = (
				0B45FD2C2A22E0B40095FC69 /* HearthstoneAPIConsumerTests.swift in Sources */,
			);
			runOnlyForDeploymentPostprocessing = 0;
		};
		0B45FD2D2A22E0B40095FC69 /* Sources */ = {
			isa = PBXSourcesBuildPhase;
			buildActionMask = 2147483647;
			files = (
				0B45FD362A22E0B40095FC69 /* HearthstoneAPIConsumerUITests.swift in Sources */,
				0B45FD382A22E0B40095FC69 /* HearthstoneAPIConsumerUITestsLaunchTests.swift in Sources */,
			);
			runOnlyForDeploymentPostprocessing = 0;
		};
/* End PBXSourcesBuildPhase section */

/* Begin PBXTargetDependency section */
		0B45FD292A22E0B40095FC69 /* PBXTargetDependency */ = {
			isa = PBXTargetDependency;
			target = 0B45FD102A22E0B30095FC69 /* HearthstoneAPIConsumer */;
			targetProxy = 0B45FD282A22E0B40095FC69 /* PBXContainerItemProxy */;
		};
		0B45FD332A22E0B40095FC69 /* PBXTargetDependency */ = {
			isa = PBXTargetDependency;
			target = 0B45FD102A22E0B30095FC69 /* HearthstoneAPIConsumer */;
			targetProxy = 0B45FD322A22E0B40095FC69 /* PBXContainerItemProxy */;
		};
/* End PBXTargetDependency section */

/* Begin PBXVariantGroup section */
		0B45FD1F2A22E0B40095FC69 /* LaunchScreen.storyboard */ = {
			isa = PBXVariantGroup;
			children = (
				0B45FD202A22E0B40095FC69 /* Base */,
			);
			name = LaunchScreen.storyboard;
			sourceTree = "<group>";
		};
/* End PBXVariantGroup section */

/* Begin XCBuildConfiguration section */
		0B45FD392A22E0B40095FC69 /* Debug */ = {
			isa = XCBuildConfiguration;
			buildSettings = {
				ALWAYS_SEARCH_USER_PATHS = NO;
				CLANG_ANALYZER_NONNULL = YES;
				CLANG_ANALYZER_NUMBER_OBJECT_CONVERSION = YES_AGGRESSIVE;
				CLANG_CXX_LANGUAGE_STANDARD = "gnu++20";
				CLANG_ENABLE_MODULES = YES;
				CLANG_ENABLE_OBJC_ARC = YES;
				CLANG_ENABLE_OBJC_WEAK = YES;
				CLANG_WARN_BLOCK_CAPTURE_AUTORELEASING = YES;
				CLANG_WARN_BOOL_CONVERSION = YES;
				CLANG_WARN_COMMA = YES;
				CLANG_WARN_CONSTANT_CONVERSION = YES;
				CLANG_WARN_DEPRECATED_OBJC_IMPLEMENTATIONS = YES;
				CLANG_WARN_DIRECT_OBJC_ISA_USAGE = YES_ERROR;
				CLANG_WARN_DOCUMENTATION_COMMENTS = YES;
				CLANG_WARN_EMPTY_BODY = YES;
				CLANG_WARN_ENUM_CONVERSION = YES;
				CLANG_WARN_INFINITE_RECURSION = YES;
				CLANG_WARN_INT_CONVERSION = YES;
				CLANG_WARN_NON_LITERAL_NULL_CONVERSION = YES;
				CLANG_WARN_OBJC_IMPLICIT_RETAIN_SELF = YES;
				CLANG_WARN_OBJC_LITERAL_CONVERSION = YES;
				CLANG_WARN_OBJC_ROOT_CLASS = YES_ERROR;
				CLANG_WARN_QUOTED_INCLUDE_IN_FRAMEWORK_HEADER = YES;
				CLANG_WARN_RANGE_LOOP_ANALYSIS = YES;
				CLANG_WARN_STRICT_PROTOTYPES = YES;
				CLANG_WARN_SUSPICIOUS_MOVE = YES;
				CLANG_WARN_UNGUARDED_AVAILABILITY = YES_AGGRESSIVE;
				CLANG_WARN_UNREACHABLE_CODE = YES;
				CLANG_WARN__DUPLICATE_METHOD_MATCH = YES;
				COPY_PHASE_STRIP = NO;
				DEBUG_INFORMATION_FORMAT = dwarf;
				ENABLE_STRICT_OBJC_MSGSEND = YES;
				ENABLE_TESTABILITY = YES;
				GCC_C_LANGUAGE_STANDARD = gnu11;
				GCC_DYNAMIC_NO_PIC = NO;
				GCC_NO_COMMON_BLOCKS = YES;
				GCC_OPTIMIZATION_LEVEL = 0;
				GCC_PREPROCESSOR_DEFINITIONS = (
					"DEBUG=1",
					"$(inherited)",
				);
				GCC_WARN_64_TO_32_BIT_CONVERSION = YES;
				GCC_WARN_ABOUT_RETURN_TYPE = YES_ERROR;
				GCC_WARN_UNDECLARED_SELECTOR = YES;
				GCC_WARN_UNINITIALIZED_AUTOS = YES_AGGRESSIVE;
				GCC_WARN_UNUSED_FUNCTION = YES;
				GCC_WARN_UNUSED_VARIABLE = YES;
				IPHONEOS_DEPLOYMENT_TARGET = 16.4;
				MTL_ENABLE_DEBUG_INFO = INCLUDE_SOURCE;
				MTL_FAST_MATH = YES;
				ONLY_ACTIVE_ARCH = YES;
				SDKROOT = iphoneos;
				SWIFT_ACTIVE_COMPILATION_CONDITIONS = DEBUG;
				SWIFT_OPTIMIZATION_LEVEL = "-Onone";
			};
			name = Debug;
		};
		0B45FD3A2A22E0B40095FC69 /* Release */ = {
			isa = XCBuildConfiguration;
			buildSettings = {
				ALWAYS_SEARCH_USER_PATHS = NO;
				CLANG_ANALYZER_NONNULL = YES;
				CLANG_ANALYZER_NUMBER_OBJECT_CONVERSION = YES_AGGRESSIVE;
				CLANG_CXX_LANGUAGE_STANDARD = "gnu++20";
				CLANG_ENABLE_MODULES = YES;
				CLANG_ENABLE_OBJC_ARC = YES;
				CLANG_ENABLE_OBJC_WEAK = YES;
				CLANG_WARN_BLOCK_CAPTURE_AUTORELEASING = YES;
				CLANG_WARN_BOOL_CONVERSION = YES;
				CLANG_WARN_COMMA = YES;
				CLANG_WARN_CONSTANT_CONVERSION = YES;
				CLANG_WARN_DEPRECATED_OBJC_IMPLEMENTATIONS = YES;
				CLANG_WARN_DIRECT_OBJC_ISA_USAGE = YES_ERROR;
				CLANG_WARN_DOCUMENTATION_COMMENTS = YES;
				CLANG_WARN_EMPTY_BODY = YES;
				CLANG_WARN_ENUM_CONVERSION = YES;
				CLANG_WARN_INFINITE_RECURSION = YES;
				CLANG_WARN_INT_CONVERSION = YES;
				CLANG_WARN_NON_LITERAL_NULL_CONVERSION = YES;
				CLANG_WARN_OBJC_IMPLICIT_RETAIN_SELF = YES;
				CLANG_WARN_OBJC_LITERAL_CONVERSION = YES;
				CLANG_WARN_OBJC_ROOT_CLASS = YES_ERROR;
				CLANG_WARN_QUOTED_INCLUDE_IN_FRAMEWORK_HEADER = YES;
				CLANG_WARN_RANGE_LOOP_ANALYSIS = YES;
				CLANG_WARN_STRICT_PROTOTYPES = YES;
				CLANG_WARN_SUSPICIOUS_MOVE = YES;
				CLANG_WARN_UNGUARDED_AVAILABILITY = YES_AGGRESSIVE;
				CLANG_WARN_UNREACHABLE_CODE = YES;
				CLANG_WARN__DUPLICATE_METHOD_MATCH = YES;
				COPY_PHASE_STRIP = NO;
				DEBUG_INFORMATION_FORMAT = "dwarf-with-dsym";
				ENABLE_NS_ASSERTIONS = NO;
				ENABLE_STRICT_OBJC_MSGSEND = YES;
				GCC_C_LANGUAGE_STANDARD = gnu11;
				GCC_NO_COMMON_BLOCKS = YES;
				GCC_WARN_64_TO_32_BIT_CONVERSION = YES;
				GCC_WARN_ABOUT_RETURN_TYPE = YES_ERROR;
				GCC_WARN_UNDECLARED_SELECTOR = YES;
				GCC_WARN_UNINITIALIZED_AUTOS = YES_AGGRESSIVE;
				GCC_WARN_UNUSED_FUNCTION = YES;
				GCC_WARN_UNUSED_VARIABLE = YES;
				IPHONEOS_DEPLOYMENT_TARGET = 16.4;
				MTL_ENABLE_DEBUG_INFO = NO;
				MTL_FAST_MATH = YES;
				SDKROOT = iphoneos;
				SWIFT_COMPILATION_MODE = wholemodule;
				SWIFT_OPTIMIZATION_LEVEL = "-O";
				VALIDATE_PRODUCT = YES;
			};
			name = Release;
		};
		0B45FD3C2A22E0B40095FC69 /* Debug */ = {
			isa = XCBuildConfiguration;
			buildSettings = {
				ASSETCATALOG_COMPILER_APPICON_NAME = AppIcon;
				ASSETCATALOG_COMPILER_GLOBAL_ACCENT_COLOR_NAME = AccentColor;
				CODE_SIGN_STYLE = Automatic;
				CURRENT_PROJECT_VERSION = 1;
				GENERATE_INFOPLIST_FILE = YES;
				INFOPLIST_FILE = HearthstoneAPIConsumer/Info.plist;
				INFOPLIST_KEY_UIApplicationSupportsIndirectInputEvents = YES;
				INFOPLIST_KEY_UILaunchStoryboardName = LaunchScreen;
				INFOPLIST_KEY_UISupportedInterfaceOrientations_iPad = "UIInterfaceOrientationPortrait UIInterfaceOrientationPortraitUpsideDown UIInterfaceOrientationLandscapeLeft UIInterfaceOrientationLandscapeRight";
				INFOPLIST_KEY_UISupportedInterfaceOrientations_iPhone = "UIInterfaceOrientationPortrait UIInterfaceOrientationLandscapeLeft UIInterfaceOrientationLandscapeRight";
				LD_RUNPATH_SEARCH_PATHS = (
					"$(inherited)",
					"@executable_path/Frameworks",
				);
				MARKETING_VERSION = 1.0;
				PRODUCT_BUNDLE_IDENTIFIER = johnatas.silva.HearthstoneAPIConsumer;
				PRODUCT_NAME = "$(TARGET_NAME)";
				SWIFT_EMIT_LOC_STRINGS = YES;
				SWIFT_VERSION = 5.0;
				TARGETED_DEVICE_FAMILY = "1,2";
			};
			name = Debug;
		};
		0B45FD3D2A22E0B40095FC69 /* Release */ = {
			isa = XCBuildConfiguration;
			buildSettings = {
				ASSETCATALOG_COMPILER_APPICON_NAME = AppIcon;
				ASSETCATALOG_COMPILER_GLOBAL_ACCENT_COLOR_NAME = AccentColor;
				CODE_SIGN_STYLE = Automatic;
				CURRENT_PROJECT_VERSION = 1;
				GENERATE_INFOPLIST_FILE = YES;
				INFOPLIST_FILE = HearthstoneAPIConsumer/Info.plist;
				INFOPLIST_KEY_UIApplicationSupportsIndirectInputEvents = YES;
				INFOPLIST_KEY_UILaunchStoryboardName = LaunchScreen;
				INFOPLIST_KEY_UISupportedInterfaceOrientations_iPad = "UIInterfaceOrientationPortrait UIInterfaceOrientationPortraitUpsideDown UIInterfaceOrientationLandscapeLeft UIInterfaceOrientationLandscapeRight";
				INFOPLIST_KEY_UISupportedInterfaceOrientations_iPhone = "UIInterfaceOrientationPortrait UIInterfaceOrientationLandscapeLeft UIInterfaceOrientationLandscapeRight";
				LD_RUNPATH_SEARCH_PATHS = (
					"$(inherited)",
					"@executable_path/Frameworks",
				);
				MARKETING_VERSION = 1.0;
				PRODUCT_BUNDLE_IDENTIFIER = johnatas.silva.HearthstoneAPIConsumer;
				PRODUCT_NAME = "$(TARGET_NAME)";
				SWIFT_EMIT_LOC_STRINGS = YES;
				SWIFT_VERSION = 5.0;
				TARGETED_DEVICE_FAMILY = "1,2";
			};
			name = Release;
		};
		0B45FD3F2A22E0B40095FC69 /* Debug */ = {
			isa = XCBuildConfiguration;
			buildSettings = {
				ALWAYS_EMBED_SWIFT_STANDARD_LIBRARIES = YES;
				BUNDLE_LOADER = "$(TEST_HOST)";
				CODE_SIGN_STYLE = Automatic;
				CURRENT_PROJECT_VERSION = 1;
				GENERATE_INFOPLIST_FILE = YES;
				IPHONEOS_DEPLOYMENT_TARGET = 16.4;
				MARKETING_VERSION = 1.0;
				PRODUCT_BUNDLE_IDENTIFIER = johnatas.silva.HearthstoneAPIConsumerTests;
				PRODUCT_NAME = "$(TARGET_NAME)";
				SWIFT_EMIT_LOC_STRINGS = NO;
				SWIFT_VERSION = 5.0;
				TARGETED_DEVICE_FAMILY = "1,2";
				TEST_HOST = "$(BUILT_PRODUCTS_DIR)/HearthstoneAPIConsumer.app/$(BUNDLE_EXECUTABLE_FOLDER_PATH)/HearthstoneAPIConsumer";
			};
			name = Debug;
		};
		0B45FD402A22E0B40095FC69 /* Release */ = {
			isa = XCBuildConfiguration;
			buildSettings = {
				ALWAYS_EMBED_SWIFT_STANDARD_LIBRARIES = YES;
				BUNDLE_LOADER = "$(TEST_HOST)";
				CODE_SIGN_STYLE = Automatic;
				CURRENT_PROJECT_VERSION = 1;
				GENERATE_INFOPLIST_FILE = YES;
				IPHONEOS_DEPLOYMENT_TARGET = 16.4;
				MARKETING_VERSION = 1.0;
				PRODUCT_BUNDLE_IDENTIFIER = johnatas.silva.HearthstoneAPIConsumerTests;
				PRODUCT_NAME = "$(TARGET_NAME)";
				SWIFT_EMIT_LOC_STRINGS = NO;
				SWIFT_VERSION = 5.0;
				TARGETED_DEVICE_FAMILY = "1,2";
				TEST_HOST = "$(BUILT_PRODUCTS_DIR)/HearthstoneAPIConsumer.app/$(BUNDLE_EXECUTABLE_FOLDER_PATH)/HearthstoneAPIConsumer";
			};
			name = Release;
		};
		0B45FD422A22E0B40095FC69 /* Debug */ = {
			isa = XCBuildConfiguration;
			buildSettings = {
				ALWAYS_EMBED_SWIFT_STANDARD_LIBRARIES = YES;
				CODE_SIGN_STYLE = Automatic;
				CURRENT_PROJECT_VERSION = 1;
				GENERATE_INFOPLIST_FILE = YES;
				MARKETING_VERSION = 1.0;
				PRODUCT_BUNDLE_IDENTIFIER = johnatas.silva.HearthstoneAPIConsumerUITests;
				PRODUCT_NAME = "$(TARGET_NAME)";
				SWIFT_EMIT_LOC_STRINGS = NO;
				SWIFT_VERSION = 5.0;
				TARGETED_DEVICE_FAMILY = "1,2";
				TEST_TARGET_NAME = HearthstoneAPIConsumer;
			};
			name = Debug;
		};
		0B45FD432A22E0B40095FC69 /* Release */ = {
			isa = XCBuildConfiguration;
			buildSettings = {
				ALWAYS_EMBED_SWIFT_STANDARD_LIBRARIES = YES;
				CODE_SIGN_STYLE = Automatic;
				CURRENT_PROJECT_VERSION = 1;
				GENERATE_INFOPLIST_FILE = YES;
				MARKETING_VERSION = 1.0;
				PRODUCT_BUNDLE_IDENTIFIER = johnatas.silva.HearthstoneAPIConsumerUITests;
				PRODUCT_NAME = "$(TARGET_NAME)";
				SWIFT_EMIT_LOC_STRINGS = NO;
				SWIFT_VERSION = 5.0;
				TARGETED_DEVICE_FAMILY = "1,2";
				TEST_TARGET_NAME = HearthstoneAPIConsumer;
			};
			name = Release;
		};
/* End XCBuildConfiguration section */

/* Begin XCConfigurationList section */
		0B45FD0C2A22E0B30095FC69 /* Build configuration list for PBXProject "HearthstoneAPIConsumer" */ = {
			isa = XCConfigurationList;
			buildConfigurations = (
				0B45FD392A22E0B40095FC69 /* Debug */,
				0B45FD3A2A22E0B40095FC69 /* Release */,
			);
			defaultConfigurationIsVisible = 0;
			defaultConfigurationName = Release;
		};
		0B45FD3B2A22E0B40095FC69 /* Build configuration list for PBXNativeTarget "HearthstoneAPIConsumer" */ = {
			isa = XCConfigurationList;
			buildConfigurations = (
				0B45FD3C2A22E0B40095FC69 /* Debug */,
				0B45FD3D2A22E0B40095FC69 /* Release */,
			);
			defaultConfigurationIsVisible = 0;
			defaultConfigurationName = Release;
		};
		0B45FD3E2A22E0B40095FC69 /* Build configuration list for PBXNativeTarget "HearthstoneAPIConsumerTests" */ = {
			isa = XCConfigurationList;
			buildConfigurations = (
				0B45FD3F2A22E0B40095FC69 /* Debug */,
				0B45FD402A22E0B40095FC69 /* Release */,
			);
			defaultConfigurationIsVisible = 0;
			defaultConfigurationName = Release;
		};
		0B45FD412A22E0B40095FC69 /* Build configuration list for PBXNativeTarget "HearthstoneAPIConsumerUITests" */ = {
			isa = XCConfigurationList;
			buildConfigurations = (
				0B45FD422A22E0B40095FC69 /* Debug */,
				0B45FD432A22E0B40095FC69 /* Release */,
			);
			defaultConfigurationIsVisible = 0;
			defaultConfigurationName = Release;
		};
/* End XCConfigurationList section */
	};
	rootObject = 0B45FD092A22E0B30095FC69 /* Project object */;
}
